// !$*UTF8*$!
{
	archiveVersion = 1;
	classes = {
	};
	objectVersion = 46;
	objects = {

/* Begin PBXBuildFile section */
		A0FC24651D6C168200EC1B87 /* main.m in Sources */ = {isa = PBXBuildFile; fileRef = A0FC24641D6C168200EC1B87 /* main.m */; };
		A0FC24681D6C168200EC1B87 /* AppDelegate.m in Sources */ = {isa = PBXBuildFile; fileRef = A0FC24671D6C168200EC1B87 /* AppDelegate.m */; };
		A0FC246B1D6C168200EC1B87 /* ViewController.m in Sources */ = {isa = PBXBuildFile; fileRef = A0FC246A1D6C168200EC1B87 /* ViewController.m */; };
		A0FC246E1D6C168200EC1B87 /* Main.storyboard in Resources */ = {isa = PBXBuildFile; fileRef = A0FC246C1D6C168200EC1B87 /* Main.storyboard */; };
		A0FC24701D6C168200EC1B87 /* Assets.xcassets in Resources */ = {isa = PBXBuildFile; fileRef = A0FC246F1D6C168200EC1B87 /* Assets.xcassets */; };
		A0FC24731D6C168200EC1B87 /* LaunchScreen.storyboard in Resources */ = {isa = PBXBuildFile; fileRef = A0FC24711D6C168200EC1B87 /* LaunchScreen.storyboard */; };
		A0FC247E1D6C168300EC1B87 /* SlideUnlockTests.m in Sources */ = {isa = PBXBuildFile; fileRef = A0FC247D1D6C168300EC1B87 /* SlideUnlockTests.m */; };
		A0FC24891D6C168300EC1B87 /* SlideUnlockUITests.m in Sources */ = {isa = PBXBuildFile; fileRef = A0FC24881D6C168300EC1B87 /* SlideUnlockUITests.m */; };
		A0FC24981D6C16BB00EC1B87 /* CheckCodeSlider.m in Sources */ = {isa = PBXBuildFile; fileRef = A0FC24971D6C16BB00EC1B87 /* CheckCodeSlider.m */; };
		A0FC249A1D6C19EE00EC1B87 /* 屏幕快照 2016-08-23 下午1.43.00.png in Resources */ = {isa = PBXBuildFile; fileRef = A0FC24991D6C19EE00EC1B87 /* 屏幕快照 2016-08-23 下午1.43.00.png */; };
/* End PBXBuildFile section */

/* Begin PBXContainerItemProxy section */
		A0FC247A1D6C168200EC1B87 /* PBXContainerItemProxy */ = {
			isa = PBXContainerItemProxy;
			containerPortal = A0FC24581D6C168200EC1B87 /* Project object */;
			proxyType = 1;
			remoteGlobalIDString = A0FC245F1D6C168200EC1B87;
			remoteInfo = SlideUnlock;
		};
		A0FC24851D6C168300EC1B87 /* PBXContainerItemProxy */ = {
			isa = PBXContainerItemProxy;
			containerPortal = A0FC24581D6C168200EC1B87 /* Project object */;
			proxyType = 1;
			remoteGlobalIDString = A0FC245F1D6C168200EC1B87;
			remoteInfo = SlideUnlock;
		};
/* End PBXContainerItemProxy section */

/* Begin PBXFileReference section */
		A0FC24601D6C168200EC1B87 /* SlideUnlock.app */ = {isa = PBXFileReference; explicitFileType = wrapper.application; includeInIndex = 0; path = SlideUnlock.app; sourceTree = BUILT_PRODUCTS_DIR; };
		A0FC24641D6C168200EC1B87 /* main.m */ = {isa = PBXFileReference; lastKnownFileType = sourcecode.c.objc; path = main.m; sourceTree = "<group>"; };
		A0FC24661D6C168200EC1B87 /* AppDelegate.h */ = {isa = PBXFileReference; lastKnownFileType = sourcecode.c.h; path = AppDelegate.h; sourceTree = "<group>"; };
		A0FC24671D6C168200EC1B87 /* AppDelegate.m */ = {isa = PBXFileReference; lastKnownFileType = sourcecode.c.objc; path = AppDelegate.m; sourceTree = "<group>"; };
		A0FC24691D6C168200EC1B87 /* ViewController.h */ = {isa = PBXFileReference; lastKnownFileType = sourcecode.c.h; path = ViewController.h; sourceTree = "<group>"; };
		A0FC246A1D6C168200EC1B87 /* ViewController.m */ = {isa = PBXFileReference; lastKnownFileType = sourcecode.c.objc; path = ViewController.m; sourceTree = "<group>"; };
		A0FC246D1D6C168200EC1B87 /* Base */ = {isa = PBXFileReference; lastKnownFileType = file.storyboard; name = Base; path = Base.lproj/Main.storyboard; sourceTree = "<group>"; };
		A0FC246F1D6C168200EC1B87 /* Assets.xcassets */ = {isa = PBXFileReference; lastKnownFileType = folder.assetcatalog; path = Assets.xcassets; sourceTree = "<group>"; };
		A0FC24721D6C168200EC1B87 /* Base */ = {isa = PBXFileReference; lastKnownFileType = file.storyboard; name = Base; path = Base.lproj/LaunchScreen.storyboard; sourceTree = "<group>"; };
		A0FC24741D6C168200EC1B87 /* Info.plist */ = {isa = PBXFileReference; lastKnownFileType = text.plist.xml; path = Info.plist; sourceTree = "<group>"; };
		A0FC24791D6C168200EC1B87 /* SlideUnlockTests.xctest */ = {isa = PBXFileReference; explicitFileType = wrapper.cfbundle; includeInIndex = 0; path = SlideUnlockTests.xctest; sourceTree = BUILT_PRODUCTS_DIR; };
		A0FC247D1D6C168300EC1B87 /* SlideUnlockTests.m */ = {isa = PBXFileReference; lastKnownFileType = sourcecode.c.objc; path = SlideUnlockTests.m; sourceTree = "<group>"; };
		A0FC247F1D6C168300EC1B87 /* Info.plist */ = {isa = PBXFileReference; lastKnownFileType = text.plist.xml; path = Info.plist; sourceTree = "<group>"; };
		A0FC24841D6C168300EC1B87 /* SlideUnlockUITests.xctest */ = {isa = PBXFileReference; explicitFileType = wrapper.cfbundle; includeInIndex = 0; path = SlideUnlockUITests.xctest; sourceTree = BUILT_PRODUCTS_DIR; };
		A0FC24881D6C168300EC1B87 /* SlideUnlockUITests.m */ = {isa = PBXFileReference; lastKnownFileType = sourcecode.c.objc; path = SlideUnlockUITests.m; sourceTree = "<group>"; };
		A0FC248A1D6C168300EC1B87 /* Info.plist */ = {isa = PBXFileReference; lastKnownFileType = text.plist.xml; path = Info.plist; sourceTree = "<group>"; };
		A0FC24961D6C16BB00EC1B87 /* CheckCodeSlider.h */ = {isa = PBXFileReference; fileEncoding = 4; lastKnownFileType = sourcecode.c.h; path = CheckCodeSlider.h; sourceTree = "<group>"; };
		A0FC24971D6C16BB00EC1B87 /* CheckCodeSlider.m */ = {isa = PBXFileReference; fileEncoding = 4; lastKnownFileType = sourcecode.c.objc; path = CheckCodeSlider.m; sourceTree = "<group>"; };
		A0FC24991D6C19EE00EC1B87 /* 屏幕快照 2016-08-23 下午1.43.00.png */ = {isa = PBXFileReference; lastKnownFileType = image.png; path = "屏幕快照 2016-08-23 下午1.43.00.png"; sourceTree = "<group>"; };
/* End PBXFileReference section */

/* Begin PBXFrameworksBuildPhase section */
		A0FC245D1D6C168200EC1B87 /* Frameworks */ = {
			isa = PBXFrameworksBuildPhase;
			buildActionMask = 2147483647;
			files = (
			);
			runOnlyForDeploymentPostprocessing = 0;
		};
		A0FC24761D6C168200EC1B87 /* Frameworks */ = {
			isa = PBXFrameworksBuildPhase;
			buildActionMask = 2147483647;
			files = (
			);
			runOnlyForDeploymentPostprocessing = 0;
		};
		A0FC24811D6C168300EC1B87 /* Frameworks */ = {
			isa = PBXFrameworksBuildPhase;
			buildActionMask = 2147483647;
			files = (
			);
			runOnlyForDeploymentPostprocessing = 0;
		};
/* End PBXFrameworksBuildPhase section */

/* Begin PBXGroup section */
		A0FC24571D6C168200EC1B87 = {
			isa = PBXGroup;
			children = (
				A0FC24621D6C168200EC1B87 /* SlideUnlock */,
				A0FC247C1D6C168200EC1B87 /* SlideUnlockTests */,
				A0FC24871D6C168300EC1B87 /* SlideUnlockUITests */,
				A0FC24611D6C168200EC1B87 /* Products */,
			);
			sourceTree = "<group>";
		};
		A0FC24611D6C168200EC1B87 /* Products */ = {
			isa = PBXGroup;
			children = (
				A0FC24601D6C168200EC1B87 /* SlideUnlock.app */,
				A0FC24791D6C168200EC1B87 /* SlideUnlockTests.xctest */,
				A0FC24841D6C168300EC1B87 /* SlideUnlockUITests.xctest */,
			);
			name = Products;
			sourceTree = "<group>";
		};
		A0FC24621D6C168200EC1B87 /* SlideUnlock */ = {
			isa = PBXGroup;
			children = (
				A0FC24661D6C168200EC1B87 /* AppDelegate.h */,
				A0FC24671D6C168200EC1B87 /* AppDelegate.m */,
				A0FC24691D6C168200EC1B87 /* ViewController.h */,
				A0FC246A1D6C168200EC1B87 /* ViewController.m */,
				A0FC24961D6C16BB00EC1B87 /* CheckCodeSlider.h */,
				A0FC24971D6C16BB00EC1B87 /* CheckCodeSlider.m */,
				A0FC24991D6C19EE00EC1B87 /* 屏幕快照 2016-08-23 下午1.43.00.png */,
				A0FC246C1D6C168200EC1B87 /* Main.storyboard */,
				A0FC246F1D6C168200EC1B87 /* Assets.xcassets */,
				A0FC24711D6C168200EC1B87 /* LaunchScreen.storyboard */,
				A0FC24741D6C168200EC1B87 /* Info.plist */,
				A0FC24631D6C168200EC1B87 /* Supporting Files */,
			);
			path = SlideUnlock;
			sourceTree = "<group>";
		};
		A0FC24631D6C168200EC1B87 /* Supporting Files */ = {
			isa = PBXGroup;
			children = (
				A0FC24641D6C168200EC1B87 /* main.m */,
			);
			name = "Supporting Files";
			sourceTree = "<group>";
		};
		A0FC247C1D6C168200EC1B87 /* SlideUnlockTests */ = {
			isa = PBXGroup;
			children = (
				A0FC247D1D6C168300EC1B87 /* SlideUnlockTests.m */,
				A0FC247F1D6C168300EC1B87 /* Info.plist */,
			);
			path = SlideUnlockTests;
			sourceTree = "<group>";
		};
		A0FC24871D6C168300EC1B87 /* SlideUnlockUITests */ = {
			isa = PBXGroup;
			children = (
				A0FC24881D6C168300EC1B87 /* SlideUnlockUITests.m */,
				A0FC248A1D6C168300EC1B87 /* Info.plist */,
			);
			path = SlideUnlockUITests;
			sourceTree = "<group>";
		};
/* End PBXGroup section */

/* Begin PBXNativeTarget section */
		A0FC245F1D6C168200EC1B87 /* SlideUnlock */ = {
			isa = PBXNativeTarget;
			buildConfigurationList = A0FC248D1D6C168300EC1B87 /* Build configuration list for PBXNativeTarget "SlideUnlock" */;
			buildPhases = (
				A0FC245C1D6C168200EC1B87 /* Sources */,
				A0FC245D1D6C168200EC1B87 /* Frameworks */,
				A0FC245E1D6C168200EC1B87 /* Resources */,
			);
			buildRules = (
			);
			dependencies = (
			);
			name = SlideUnlock;
			productName = SlideUnlock;
			productReference = A0FC24601D6C168200EC1B87 /* SlideUnlock.app */;
			productType = "com.apple.product-type.application";
		};
		A0FC24781D6C168200EC1B87 /* SlideUnlockTests */ = {
			isa = PBXNativeTarget;
			buildConfigurationList = A0FC24901D6C168300EC1B87 /* Build configuration list for PBXNativeTarget "SlideUnlockTests" */;
			buildPhases = (
				A0FC24751D6C168200EC1B87 /* Sources */,
				A0FC24761D6C168200EC1B87 /* Frameworks */,
				A0FC24771D6C168200EC1B87 /* Resources */,
			);
			buildRules = (
			);
			dependencies = (
				A0FC247B1D6C168200EC1B87 /* PBXTargetDependency */,
			);
			name = SlideUnlockTests;
			productName = SlideUnlockTests;
			productReference = A0FC24791D6C168200EC1B87 /* SlideUnlockTests.xctest */;
			productType = "com.apple.product-type.bundle.unit-test";
		};
		A0FC24831D6C168300EC1B87 /* SlideUnlockUITests */ = {
			isa = PBXNativeTarget;
			buildConfigurationList = A0FC24931D6C168300EC1B87 /* Build configuration list for PBXNativeTarget "SlideUnlockUITests" */;
			buildPhases = (
				A0FC24801D6C168300EC1B87 /* Sources */,
				A0FC24811D6C168300EC1B87 /* Frameworks */,
				A0FC24821D6C168300EC1B87 /* Resources */,
			);
			buildRules = (
			);
			dependencies = (
				A0FC24861D6C168300EC1B87 /* PBXTargetDependency */,
			);
			name = SlideUnlockUITests;
			productName = SlideUnlockUITests;
			productReference = A0FC24841D6C168300EC1B87 /* SlideUnlockUITests.xctest */;
			productType = "com.apple.product-type.bundle.ui-testing";
		};
/* End PBXNativeTarget section */

/* Begin PBXProject section */
		A0FC24581D6C168200EC1B87 /* Project object */ = {
			isa = PBXProject;
			attributes = {
				LastUpgradeCheck = 0730;
				ORGANIZATIONNAME = WYC;
				TargetAttributes = {
					A0FC245F1D6C168200EC1B87 = {
						CreatedOnToolsVersion = 7.3.1;
						DevelopmentTeam = QAT5P24G87;
					};
					A0FC24781D6C168200EC1B87 = {
						CreatedOnToolsVersion = 7.3.1;
						DevelopmentTeam = QAT5P24G87;
						TestTargetID = A0FC245F1D6C168200EC1B87;
					};
					A0FC24831D6C168300EC1B87 = {
						CreatedOnToolsVersion = 7.3.1;
						DevelopmentTeam = QAT5P24G87;
						TestTargetID = A0FC245F1D6C168200EC1B87;
					};
				};
			};
			buildConfigurationList = A0FC245B1D6C168200EC1B87 /* Build configuration list for PBXProject "SlideUnlock" */;
			compatibilityVersion = "Xcode 3.2";
			developmentRegion = English;
			hasScannedForEncodings = 0;
			knownRegions = (
				en,
				Base,
			);
			mainGroup = A0FC24571D6C168200EC1B87;
			productRefGroup = A0FC24611D6C168200EC1B87 /* Products */;
			projectDirPath = "";
			projectRoot = "";
			targets = (
				A0FC245F1D6C168200EC1B87 /* SlideUnlock */,
				A0FC24781D6C168200EC1B87 /* SlideUnlockTests */,
				A0FC24831D6C168300EC1B87 /* SlideUnlockUITests */,
			);
		};
/* End PBXProject section */

/* Begin PBXResourcesBuildPhase section */
		A0FC245E1D6C168200EC1B87 /* Resources */ = {
			isa = PBXResourcesBuildPhase;
			buildActionMask = 2147483647;
			files = (
				A0FC24731D6C168200EC1B87 /* LaunchScreen.storyboard in Resources */,
				A0FC249A1D6C19EE00EC1B87 /* 屏幕快照 2016-08-23 下午1.43.00.png in Resources */,
				A0FC24701D6C168200EC1B87 /* Assets.xcassets in Resources */,
				A0FC246E1D6C168200EC1B87 /* Main.storyboard in Resources */,
			);
			runOnlyForDeploymentPostprocessing = 0;
		};
		A0FC24771D6C168200EC1B87 /* Resources */ = {
			isa = PBXResourcesBuildPhase;
			buildActionMask = 2147483647;
			files = (
			);
			runOnlyForDeploymentPostprocessing = 0;
		};
		A0FC24821D6C168300EC1B87 /* Resources */ = {
			isa = PBXResourcesBuildPhase;
			buildActionMask = 2147483647;
			files = (
			);
			runOnlyForDeploymentPostprocessing = 0;
		};
/* End PBXResourcesBuildPhase section */

/* Begin PBXSourcesBuildPhase section */
		A0FC245C1D6C168200EC1B87 /* Sources */ = {
			isa = PBXSourcesBuildPhase;
			buildActionMask = 2147483647;
			files = (
				A0FC24981D6C16BB00EC1B87 /* CheckCodeSlider.m in Sources */,
				A0FC246B1D6C168200EC1B87 /* ViewController.m in Sources */,
				A0FC24681D6C168200EC1B87 /* AppDelegate.m in Sources */,
				A0FC24651D6C168200EC1B87 /* main.m in Sources */,
			);
			runOnlyForDeploymentPostprocessing = 0;
		};
		A0FC24751D6C168200EC1B87 /* Sources */ = {
			isa = PBXSourcesBuildPhase;
			buildActionMask = 2147483647;
			files = (
				A0FC247E1D6C168300EC1B87 /* SlideUnlockTests.m in Sources */,
			);
			runOnlyForDeploymentPostprocessing = 0;
		};
		A0FC24801D6C168300EC1B87 /* Sources */ = {
			isa = PBXSourcesBuildPhase;
			buildActionMask = 2147483647;
			files = (
				A0FC24891D6C168300EC1B87 /* SlideUnlockUITests.m in Sources */,
			);
			runOnlyForDeploymentPostprocessing = 0;
		};
/* End PBXSourcesBuildPhase section */

/* Begin PBXTargetDependency section */
		A0FC247B1D6C168200EC1B87 /* PBXTargetDependency */ = {
			isa = PBXTargetDependency;
			target = A0FC245F1D6C168200EC1B87 /* SlideUnlock */;
			targetProxy = A0FC247A1D6C168200EC1B87 /* PBXContainerItemProxy */;
		};
		A0FC24861D6C168300EC1B87 /* PBXTargetDependency */ = {
			isa = PBXTargetDependency;
			target = A0FC245F1D6C168200EC1B87 /* SlideUnlock */;
			targetProxy = A0FC24851D6C168300EC1B87 /* PBXContainerItemProxy */;
		};
/* End PBXTargetDependency section */

/* Begin PBXVariantGroup section */
		A0FC246C1D6C168200EC1B87 /* Main.storyboard */ = {
			isa = PBXVariantGroup;
			children = (
				A0FC246D1D6C168200EC1B87 /* Base */,
			);
			name = Main.storyboard;
			sourceTree = "<group>";
		};
		A0FC24711D6C168200EC1B87 /* LaunchScreen.storyboard */ = {
			isa = PBXVariantGroup;
			children = (
				A0FC24721D6C168200EC1B87 /* Base */,
			);
			name = LaunchScreen.storyboard;
			sourceTree = "<group>";
		};
/* End PBXVariantGroup section */

/* Begin XCBuildConfiguration section */
		A0FC248B1D6C168300EC1B87 /* Debug */ = {
			isa = XCBuildConfiguration;
			buildSettings = {
				ALWAYS_SEARCH_USER_PATHS = NO;
				CLANG_ANALYZER_NONNULL = YES;
				CLANG_CXX_LANGUAGE_STANDARD = "gnu++0x";
				CLANG_CXX_LIBRARY = "libc++";
				CLANG_ENABLE_MODULES = YES;
				CLANG_ENABLE_OBJC_ARC = YES;
				CLANG_WARN_BOOL_CONVERSION = YES;
				CLANG_WARN_CONSTANT_CONVERSION = YES;
				CLANG_WARN_DIRECT_OBJC_ISA_USAGE = YES_ERROR;
				CLANG_WARN_EMPTY_BODY = YES;
				CLANG_WARN_ENUM_CONVERSION = YES;
				CLANG_WARN_INT_CONVERSION = YES;
				CLANG_WARN_OBJC_ROOT_CLASS = YES_ERROR;
				CLANG_WARN_UNREACHABLE_CODE = YES;
				CLANG_WARN__DUPLICATE_METHOD_MATCH = YES;
				"CODE_SIGN_IDENTITY[sdk=iphoneos*]" = "iPhone Developer";
				COPY_PHASE_STRIP = NO;
				DEBUG_INFORMATION_FORMAT = dwarf;
				ENABLE_STRICT_OBJC_MSGSEND = YES;
				ENABLE_TESTABILITY = YES;
				GCC_C_LANGUAGE_STANDARD = gnu99;
				GCC_DYNAMIC_NO_PIC = NO;
				GCC_NO_COMMON_BLOCKS = YES;
				GCC_OPTIMIZATION_LEVEL = 0;
				GCC_PREPROCESSOR_DEFINITIONS = (
					"DEBUG=1",
					"$(inherited)",
				);
				GCC_WARN_64_TO_32_BIT_CONVERSION = YES;
				GCC_WARN_ABOUT_RETURN_TYPE = YES_ERROR;
				GCC_WARN_UNDECLARED_SELECTOR = YES;
				GCC_WARN_UNINITIALIZED_AUTOS = YES_AGGRESSIVE;
				GCC_WARN_UNUSED_FUNCTION = YES;
				GCC_WARN_UNUSED_VARIABLE = YES;
				IPHONEOS_DEPLOYMENT_TARGET = 9.3;
				MTL_ENABLE_DEBUG_INFO = YES;
				ONLY_ACTIVE_ARCH = YES;
				SDKROOT = iphoneos;
				TARGETED_DEVICE_FAMILY = "1,2";
			};
			name = Debug;
		};
		A0FC248C1D6C168300EC1B87 /* Release */ = {
			isa = XCBuildConfiguration;
			buildSettings = {
				ALWAYS_SEARCH_USER_PATHS = NO;
				CLANG_ANALYZER_NONNULL = YES;
				CLANG_CXX_LANGUAGE_STANDARD = "gnu++0x";
				CLANG_CXX_LIBRARY = "libc++";
				CLANG_ENABLE_MODULES = YES;
				CLANG_ENABLE_OBJC_ARC = YES;
				CLANG_WARN_BOOL_CONVERSION = YES;
				CLANG_WARN_CONSTANT_CONVERSION = YES;
				CLANG_WARN_DIRECT_OBJC_ISA_USAGE = YES_ERROR;
				CLANG_WARN_EMPTY_BODY = YES;
				CLANG_WARN_ENUM_CONVERSION = YES;
				CLANG_WARN_INT_CONVERSION = YES;
				CLANG_WARN_OBJC_ROOT_CLASS = YES_ERROR;
				CLANG_WARN_UNREACHABLE_CODE = YES;
				CLANG_WARN__DUPLICATE_METHOD_MATCH = YES;
				"CODE_SIGN_IDENTITY[sdk=iphoneos*]" = "iPhone Developer";
				COPY_PHASE_STRIP = NO;
				DEBUG_INFORMATION_FORMAT = "dwarf-with-dsym";
				ENABLE_NS_ASSERTIONS = NO;
				ENABLE_STRICT_OBJC_MSGSEND = YES;
				GCC_C_LANGUAGE_STANDARD = gnu99;
				GCC_NO_COMMON_BLOCKS = YES;
				GCC_WARN_64_TO_32_BIT_CONVERSION = YES;
				GCC_WARN_ABOUT_RETURN_TYPE = YES_ERROR;
				GCC_WARN_UNDECLARED_SELECTOR = YES;
				GCC_WARN_UNINITIALIZED_AUTOS = YES_AGGRESSIVE;
				GCC_WARN_UNUSED_FUNCTION = YES;
				GCC_WARN_UNUSED_VARIABLE = YES;
				IPHONEOS_DEPLOYMENT_TARGET = 9.3;
				MTL_ENABLE_DEBUG_INFO = NO;
				SDKROOT = iphoneos;
				TARGETED_DEVICE_FAMILY = "1,2";
				VALIDATE_PRODUCT = YES;
			};
			name = Release;
		};
		A0FC248E1D6C168300EC1B87 /* Debug */ = {
			isa = XCBuildConfiguration;
			buildSettings = {
				ASSETCATALOG_COMPILER_APPICON_NAME = AppIcon;
				INFOPLIST_FILE = SlideUnlock/Info.plist;
				LD_RUNPATH_SEARCH_PATHS = "$(inherited) @executable_path/Frameworks";
				PRODUCT_BUNDLE_IDENTIFIER = wyc.SlideUnlock;
				PRODUCT_NAME = "$(TARGET_NAME)";
			};
			name = Debug;
		};
		A0FC248F1D6C168300EC1B87 /* Release */ = {
			isa = XCBuildConfiguration;
			buildSettings = {
				ASSETCATALOG_COMPILER_APPICON_NAME = AppIcon;
				INFOPLIST_FILE = SlideUnlock/Info.plist;
				LD_RUNPATH_SEARCH_PATHS = "$(inherited) @executable_path/Frameworks";
				PRODUCT_BUNDLE_IDENTIFIER = wyc.SlideUnlock;
				PRODUCT_NAME = "$(TARGET_NAME)";
			};
			name = Release;
		};
		A0FC24911D6C168300EC1B87 /* Debug */ = {
			isa = XCBuildConfiguration;
			buildSettings = {
				BUNDLE_LOADER = "$(TEST_HOST)";
				INFOPLIST_FILE = SlideUnlockTests/Info.plist;
				LD_RUNPATH_SEARCH_PATHS = "$(inherited) @executable_path/Frameworks @loader_path/Frameworks";
				PRODUCT_BUNDLE_IDENTIFIER = wyc.SlideUnlockTests;
				PRODUCT_NAME = "$(TARGET_NAME)";
				TEST_HOST = "$(BUILT_PRODUCTS_DIR)/SlideUnlock.app/SlideUnlock";
			};
			name = Debug;
		};
		A0FC24921D6C168300EC1B87 /* Release */ = {
			isa = XCBuildConfiguration;
			buildSettings = {
				BUNDLE_LOADER = "$(TEST_HOST)";
				INFOPLIST_FILE = SlideUnlockTests/Info.plist;
				LD_RUNPATH_SEARCH_PATHS = "$(inherited) @executable_path/Frameworks @loader_path/Frameworks";
				PRODUCT_BUNDLE_IDENTIFIER = wyc.SlideUnlockTests;
				PRODUCT_NAME = "$(TARGET_NAME)";
				TEST_HOST = "$(BUILT_PRODUCTS_DIR)/SlideUnlock.app/SlideUnlock";
			};
			name = Release;
		};
		A0FC24941D6C168300EC1B87 /* Debug */ = {
			isa = XCBuildConfiguration;
			buildSettings = {
				INFOPLIST_FILE = SlideUnlockUITests/Info.plist;
				LD_RUNPATH_SEARCH_PATHS = "$(inherited) @executable_path/Frameworks @loader_path/Frameworks";
				PRODUCT_BUNDLE_IDENTIFIER = wyc.SlideUnlockUITests;
				PRODUCT_NAME = "$(TARGET_NAME)";
				TEST_TARGET_NAME = SlideUnlock;
			};
			name = Debug;
		};
		A0FC24951D6C168300EC1B87 /* Release */ = {
			isa = XCBuildConfiguration;
			buildSettings = {
				INFOPLIST_FILE = SlideUnlockUITests/Info.plist;
				LD_RUNPATH_SEARCH_PATHS = "$(inherited) @executable_path/Frameworks @loader_path/Frameworks";
				PRODUCT_BUNDLE_IDENTIFIER = wyc.SlideUnlockUITests;
				PRODUCT_NAME = "$(TARGET_NAME)";
				TEST_TARGET_NAME = SlideUnlock;
			};
			name = Release;
		};
/* End XCBuildConfiguration section */

/* Begin XCConfigurationList section */
		A0FC245B1D6C168200EC1B87 /* Build configuration list for PBXProject "SlideUnlock" */ = {
			isa = XCConfigurationList;
			buildConfigurations = (
				A0FC248B1D6C168300EC1B87 /* Debug */,
				A0FC248C1D6C168300EC1B87 /* Release */,
			);
			defaultConfigurationIsVisible = 0;
			defaultConfigurationName = Release;
		};
		A0FC248D1D6C168300EC1B87 /* Build configuration list for PBXNativeTarget "SlideUnlock" */ = {
			isa = XCConfigurationList;
			buildConfigurations = (
				A0FC248E1D6C168300EC1B87 /* Debug */,
				A0FC248F1D6C168300EC1B87 /* Release */,
			);
			defaultConfigurationIsVisible = 0;
		};
		A0FC24901D6C168300EC1B87 /* Build configuration list for PBXNativeTarget "SlideUnlockTests" */ = {
			isa = XCConfigurationList;
			buildConfigurations = (
				A0FC24911D6C168300EC1B87 /* Debug */,
				A0FC24921D6C168300EC1B87 /* Release */,
			);
			defaultConfigurationIsVisible = 0;
		};
		A0FC24931D6C168300EC1B87 /* Build configuration list for PBXNativeTarget "SlideUnlockUITests" */ = {
			isa = XCConfigurationList;
			buildConfigurations = (
				A0FC24941D6C168300EC1B87 /* Debug */,
				A0FC24951D6C168300EC1B87 /* Release */,
			);
			defaultConfigurationIsVisible = 0;
		};
/* End XCConfigurationList section */
	};
	rootObject = A0FC24581D6C168200EC1B87 /* Project object */;
}
